<?xml version="1.0" encoding="utf-8"?>
<Project ToolsVersion="4.0" xmlns="http://schemas.microsoft.com/developer/msbuild/2003">
  <ItemGroup>
    <Filter Include="리소스 파일">
      <UniqueIdentifier>{67DA6AB6-F800-4c08-8B7A-83BB121AAD01}</UniqueIdentifier>
      <Extensions>rc;ico;cur;bmp;dlg;rc2;rct;bin;rgs;gif;jpg;jpeg;jpe;resx;tiff;tif;png;wav;mfcribbon-ms</Extensions>
    </Filter>
    <Filter Include="Default">
      <UniqueIdentifier>{8adee5fe-c676-432e-94b9-14164427112e}</UniqueIdentifier>
    </Filter>
    <Filter Include="Header">
      <UniqueIdentifier>{2cdc9d1c-7b7f-4943-ba33-ab38f3e7e749}</UniqueIdentifier>
    </Filter>
    <Filter Include="Collision">
      <UniqueIdentifier>{48942c0a-26a5-4713-a7cd-ac072e1f83ee}</UniqueIdentifier>
    </Filter>
    <Filter Include="Picking">
      <UniqueIdentifier>{dc72f373-33e5-44ca-bc79-0f72b3676935}</UniqueIdentifier>
    </Filter>
    <Filter Include="FrustumCulling">
      <UniqueIdentifier>{cba4dc97-6ef3-48b2-bee6-8e994b2cdd31}</UniqueIdentifier>
    </Filter>
  </ItemGroup>
  <ItemGroup>
    <ClInclude Include="pch.h" />
    <ClInclude Include="framework.h">
      <Filter>Default</Filter>
    </ClInclude>
    <ClInclude Include="Collision.h">
      <Filter>Collision</Filter>
    </ClInclude>
    <ClInclude Include="define.h">
      <Filter>Header</Filter>
    </ClInclude>
    <ClInclude Include="PickingClass.h">
      <Filter>Picking</Filter>
    </ClInclude>
    <ClInclude Include="FrustumClass.h">
      <Filter>FrustumCulling</Filter>
    </ClInclude>
  </ItemGroup>
  <ItemGroup>
    <ClCompile Include="dllmain.cpp">
      <Filter>Default</Filter>
    </ClCompile>
    <ClCompile Include="pch.cpp" />
    <ClCompile Include="Collision.cpp">
      <Filter>Collision</Filter>
    </ClCompile>
    <ClCompile Include="PickingClass.cpp">
      <Filter>Picking</Filter>
    </ClCompile>
    <ClCompile Include="FrustumClass.cpp">
      <Filter>FrustumCulling</Filter>
    </ClCompile>
  </ItemGroup>
</Project>