<?xml version="1.0" encoding="utf-8"?>
<Project ToolsVersion="4.0" xmlns="http://schemas.microsoft.com/developer/msbuild/2003">
  <ItemGroup>
    <Filter Include="리소스 파일">
      <UniqueIdentifier>{67DA6AB6-F800-4c08-8B7A-83BB121AAD01}</UniqueIdentifier>
      <Extensions>rc;ico;cur;bmp;dlg;rc2;rct;bin;rgs;gif;jpg;jpeg;jpe;resx;tiff;tif;png;wav;mfcribbon-ms</Extensions>
    </Filter>
    <Filter Include="ShaderClass">
      <UniqueIdentifier>{725da5a5-ee66-4503-9136-b7ff3ce7a1bb}</UniqueIdentifier>
    </Filter>
    <Filter Include="Render">
      <UniqueIdentifier>{dfdb5f9c-2fff-4c48-857c-cb51a5fb91c2}</UniqueIdentifier>
    </Filter>
    <Filter Include="Header">
      <UniqueIdentifier>{a3eacad0-70d8-465d-9e4c-d0fca3c65223}</UniqueIdentifier>
    </Filter>
    <Filter Include="Default">
      <UniqueIdentifier>{1dc34931-4158-45ea-ab33-cf18d61f00b3}</UniqueIdentifier>
    </Filter>
    <Filter Include="ShaderClass\ModelShader">
      <UniqueIdentifier>{fc4995a5-34de-4087-83c3-f9fdff0aa1eb}</UniqueIdentifier>
    </Filter>
  </ItemGroup>
  <ItemGroup>
    <ClInclude Include="NormalShaderClass.h">
      <Filter>ShaderClass</Filter>
    </ClInclude>
    <ClInclude Include="DefaultShaderClass.h">
      <Filter>ShaderClass</Filter>
    </ClInclude>
    <ClInclude Include="D3DClass.h">
      <Filter>Render</Filter>
    </ClInclude>
    <ClInclude Include="GraphicsClass.h">
      <Filter>Render</Filter>
    </ClInclude>
    <ClInclude Include="pch.h" />
    <ClInclude Include="define.h">
      <Filter>Header</Filter>
    </ClInclude>
    <ClInclude Include="framework.h">
      <Filter>Default</Filter>
    </ClInclude>
    <ClInclude Include="resource.h" />
    <ClInclude Include="ShaderClass.h">
      <Filter>ShaderClass</Filter>
    </ClInclude>
    <ClInclude Include="ModelShader.h">
      <Filter>ShaderClass\ModelShader</Filter>
    </ClInclude>
    <ClInclude Include="RenderTextureClass.h">
      <Filter>Render</Filter>
    </ClInclude>
  </ItemGroup>
  <ItemGroup>
    <ClCompile Include="DefaultShaderClass.cpp">
      <Filter>ShaderClass</Filter>
    </ClCompile>
    <ClCompile Include="NormalShaderClass.cpp">
      <Filter>ShaderClass</Filter>
    </ClCompile>
    <ClCompile Include="D3DClass.cpp">
      <Filter>Render</Filter>
    </ClCompile>
    <ClCompile Include="GraphicsClass.cpp">
      <Filter>Render</Filter>
    </ClCompile>
    <ClCompile Include="pch.cpp" />
    <ClCompile Include="dllmain.cpp">
      <Filter>Default</Filter>
    </ClCompile>
    <ClCompile Include="ModelShader.cpp">
      <Filter>ShaderClass\ModelShader</Filter>
    </ClCompile>
    <ClCompile Include="ShaderClass.cpp">
      <Filter>ShaderClass</Filter>
    </ClCompile>
    <ClCompile Include="RenderTextureClass.cpp">
      <Filter>Render</Filter>
    </ClCompile>
  </ItemGroup>
  <ItemGroup>
    <ResourceCompile Include="Renderer.rc">
      <Filter>리소스 파일</Filter>
    </ResourceCompile>
  </ItemGroup>
  <ItemGroup>
    <None Include="cpp.hint" />
  </ItemGroup>
</Project>